
Microsoft Visual Studio Solution File, Format Version 12.00
# Visual Studio 15
VisualStudioVersion = 15.0.27428.2043
MinimumVisualStudioVersion = 10.0.40219.1
Project("{FAE04EC0-301F-11D3-BF4B-00C04F79EFBC}") = "PendingListBackend", "PendingListBackend\PendingListBackend.csproj", "{D0AB5FC4-D1DA-4FF1-BFF1-30EAD345C865}"
EndProject
Project("{9A19103F-16F7-4668-BE54-9A1E7A4F7556}") = "PendingItemsFrontend", "PendingItemsFrontend\PendingItemsFrontend.csproj", "{011417F6-4821-48C3-B9A3-8471EA1257D5}"
EndProject
Global
	GlobalSection(SolutionConfigurationPlatforms) = preSolution
		Debug|Any CPU = Debug|Any CPU
		Release|Any CPU = Release|Any CPU
	EndGlobalSection
	GlobalSection(ProjectConfigurationPlatforms) = postSolution
		{D0AB5FC4-D1DA-4FF1-BFF1-30EAD345C865}.Debug|Any CPU.ActiveCfg = Debug|Any CPU
		{D0AB5FC4-D1DA-4FF1-BFF1-30EAD345C865}.Debug|Any CPU.Build.0 = Debug|Any CPU
		{D0AB5FC4-D1DA-4FF1-BFF1-30EAD345C865}.Release|Any CPU.ActiveCfg = Release|Any CPU
		{D0AB5FC4-D1DA-4FF1-BFF1-30EAD345C865}.Release|Any CPU.Build.0 = Release|Any CPU
		{011417F6-4821-48C3-B9A3-8471EA1257D5}.Debug|Any CPU.ActiveCfg = Debug|Any CPU
		{011417F6-4821-48C3-B9A3-8471EA1257D5}.Debug|Any CPU.Build.0 = Debug|Any CPU
		{011417F6-4821-48C3-B9A3-8471EA1257D5}.Release|Any CPU.ActiveCfg = Release|Any CPU
		{011417F6-4821-48C3-B9A3-8471EA1257D5}.Release|Any CPU.Build.0 = Release|Any CPU
	EndGlobalSection
	GlobalSection(SolutionProperties) = preSolution
		HideSolutionNode = FALSE
	EndGlobalSection
	GlobalSection(ExtensibilityGlobals) = postSolution
		SolutionGuid = {577FCE3C-1709-4105-B120-35AEB8CE7002}
	EndGlobalSection
	GlobalSection(TeamFoundationVersionControl) = preSolution
		SccNumberOfProjects = 3
		SccEnterpriseProvider = {4CA58AB2-18FA-4F8D-95D4-32DDF27D184C}
		SccTeamFoundationServer = https://mytodos.visualstudio.com/
		SccLocalPath0 = .
		SccProjectUniqueName1 = PendingListBackend\\PendingListBackend.csproj
		SccProjectName1 = PendingListBackend
		SccLocalPath1 = PendingListBackend
		SccProjectUniqueName2 = PendingItemsFrontend\\PendingItemsFrontend.csproj
		SccProjectName2 = PendingItemsFrontend
		SccLocalPath2 = PendingItemsFrontend
	EndGlobalSection
EndGlobal
